
Microsoft Visual Studio Solution File, Format Version 12.00
# Visual Studio 15
VisualStudioVersion = 15.0.26124.0
MinimumVisualStudioVersion = 15.0.26124.0
Project("{FAE04EC0-301F-11D3-BF4B-00C04F79EFBC}") = "Pizza.Client", "Pizza.Client\Pizza.Client.csproj", "{75E316EE-B8AF-4708-8C57-F872251C55F3}"
EndProject
Project("{FAE04EC0-301F-11D3-BF4B-00C04F79EFBC}") = "Pizza.Data", "Pizza.Data\Pizza.Data.csproj", "{ABFF97E1-1A97-40FC-89CA-D06E0A68C027}"
EndProject
Project("{FAE04EC0-301F-11D3-BF4B-00C04F79EFBC}") = "Pizza.Domain", "Pizza.Domain\Pizza.Domain.csproj", "{8E7B6F5D-3803-4229-B84D-6A4320D8C8DA}"
EndProject
Project("{FAE04EC0-301F-11D3-BF4B-00C04F79EFBC}") = "Pizza.Tests", "Pizza.Tests\Pizza.Tests.csproj", "{EEB54D16-1B6B-4B9F-886F-E44D9AF65E8D}"
EndProject
Global
	GlobalSection(SolutionConfigurationPlatforms) = preSolution
		Debug|Any CPU = Debug|Any CPU
		Debug|x64 = Debug|x64
		Debug|x86 = Debug|x86
		Release|Any CPU = Release|Any CPU
		Release|x64 = Release|x64
		Release|x86 = Release|x86
	EndGlobalSection
	GlobalSection(SolutionProperties) = preSolution
		HideSolutionNode = FALSE
	EndGlobalSection
	GlobalSection(ProjectConfigurationPlatforms) = postSolution
		{75E316EE-B8AF-4708-8C57-F872251C55F3}.Debug|Any CPU.ActiveCfg = Debug|Any CPU
		{75E316EE-B8AF-4708-8C57-F872251C55F3}.Debug|Any CPU.Build.0 = Debug|Any CPU
		{75E316EE-B8AF-4708-8C57-F872251C55F3}.Debug|x64.ActiveCfg = Debug|Any CPU
		{75E316EE-B8AF-4708-8C57-F872251C55F3}.Debug|x64.Build.0 = Debug|Any CPU
		{75E316EE-B8AF-4708-8C57-F872251C55F3}.Debug|x86.ActiveCfg = Debug|Any CPU
		{75E316EE-B8AF-4708-8C57-F872251C55F3}.Debug|x86.Build.0 = Debug|Any CPU
		{75E316EE-B8AF-4708-8C57-F872251C55F3}.Release|Any CPU.ActiveCfg = Release|Any CPU
		{75E316EE-B8AF-4708-8C57-F872251C55F3}.Release|Any CPU.Build.0 = Release|Any CPU
		{75E316EE-B8AF-4708-8C57-F872251C55F3}.Release|x64.ActiveCfg = Release|Any CPU
		{75E316EE-B8AF-4708-8C57-F872251C55F3}.Release|x64.Build.0 = Release|Any CPU
		{75E316EE-B8AF-4708-8C57-F872251C55F3}.Release|x86.ActiveCfg = Release|Any CPU
		{75E316EE-B8AF-4708-8C57-F872251C55F3}.Release|x86.Build.0 = Release|Any CPU
		{ABFF97E1-1A97-40FC-89CA-D06E0A68C027}.Debug|Any CPU.ActiveCfg = Debug|Any CPU
		{ABFF97E1-1A97-40FC-89CA-D06E0A68C027}.Debug|Any CPU.Build.0 = Debug|Any CPU
		{ABFF97E1-1A97-40FC-89CA-D06E0A68C027}.Debug|x64.ActiveCfg = Debug|Any CPU
		{ABFF97E1-1A97-40FC-89CA-D06E0A68C027}.Debug|x64.Build.0 = Debug|Any CPU
		{ABFF97E1-1A97-40FC-89CA-D06E0A68C027}.Debug|x86.ActiveCfg = Debug|Any CPU
		{ABFF97E1-1A97-40FC-89CA-D06E0A68C027}.Debug|x86.Build.0 = Debug|Any CPU
		{ABFF97E1-1A97-40FC-89CA-D06E0A68C027}.Release|Any CPU.ActiveCfg = Release|Any CPU
		{ABFF97E1-1A97-40FC-89CA-D06E0A68C027}.Release|Any CPU.Build.0 = Release|Any CPU
		{ABFF97E1-1A97-40FC-89CA-D06E0A68C027}.Release|x64.ActiveCfg = Release|Any CPU
		{ABFF97E1-1A97-40FC-89CA-D06E0A68C027}.Release|x64.Build.0 = Release|Any CPU
		{ABFF97E1-1A97-40FC-89CA-D06E0A68C027}.Release|x86.ActiveCfg = Release|Any CPU
		{ABFF97E1-1A97-40FC-89CA-D06E0A68C027}.Release|x86.Build.0 = Release|Any CPU
		{8E7B6F5D-3803-4229-B84D-6A4320D8C8DA}.Debug|Any CPU.ActiveCfg = Debug|Any CPU
		{8E7B6F5D-3803-4229-B84D-6A4320D8C8DA}.Debug|Any CPU.Build.0 = Debug|Any CPU
		{8E7B6F5D-3803-4229-B84D-6A4320D8C8DA}.Debug|x64.ActiveCfg = Debug|Any CPU
		{8E7B6F5D-3803-4229-B84D-6A4320D8C8DA}.Debug|x64.Build.0 = Debug|Any CPU
		{8E7B6F5D-3803-4229-B84D-6A4320D8C8DA}.Debug|x86.ActiveCfg = Debug|Any CPU
		{8E7B6F5D-3803-4229-B84D-6A4320D8C8DA}.Debug|x86.Build.0 = Debug|Any CPU
		{8E7B6F5D-3803-4229-B84D-6A4320D8C8DA}.Release|Any CPU.ActiveCfg = Release|Any CPU
		{8E7B6F5D-3803-4229-B84D-6A4320D8C8DA}.Release|Any CPU.Build.0 = Release|Any CPU
		{8E7B6F5D-3803-4229-B84D-6A4320D8C8DA}.Release|x64.ActiveCfg = Release|Any CPU
		{8E7B6F5D-3803-4229-B84D-6A4320D8C8DA}.Release|x64.Build.0 = Release|Any CPU
		{8E7B6F5D-3803-4229-B84D-6A4320D8C8DA}.Release|x86.ActiveCfg = Release|Any CPU
		{8E7B6F5D-3803-4229-B84D-6A4320D8C8DA}.Release|x86.Build.0 = Release|Any CPU
		{EEB54D16-1B6B-4B9F-886F-E44D9AF65E8D}.Debug|Any CPU.ActiveCfg = Debug|Any CPU
		{EEB54D16-1B6B-4B9F-886F-E44D9AF65E8D}.Debug|Any CPU.Build.0 = Debug|Any CPU
		{EEB54D16-1B6B-4B9F-886F-E44D9AF65E8D}.Debug|x64.ActiveCfg = Debug|Any CPU
		{EEB54D16-1B6B-4B9F-886F-E44D9AF65E8D}.Debug|x64.Build.0 = Debug|Any CPU
		{EEB54D16-1B6B-4B9F-886F-E44D9AF65E8D}.Debug|x86.ActiveCfg = Debug|Any CPU
		{EEB54D16-1B6B-4B9F-886F-E44D9AF65E8D}.Debug|x86.Build.0 = Debug|Any CPU
		{EEB54D16-1B6B-4B9F-886F-E44D9AF65E8D}.Release|Any CPU.ActiveCfg = Release|Any CPU
		{EEB54D16-1B6B-4B9F-886F-E44D9AF65E8D}.Release|Any CPU.Build.0 = Release|Any CPU
		{EEB54D16-1B6B-4B9F-886F-E44D9AF65E8D}.Release|x64.ActiveCfg = Release|Any CPU
		{EEB54D16-1B6B-4B9F-886F-E44D9AF65E8D}.Release|x64.Build.0 = Release|Any CPU
		{EEB54D16-1B6B-4B9F-886F-E44D9AF65E8D}.Release|x86.ActiveCfg = Release|Any CPU
		{EEB54D16-1B6B-4B9F-886F-E44D9AF65E8D}.Release|x86.Build.0 = Release|Any CPU
	EndGlobalSection
EndGlobal
